
Microsoft Visual Studio Solution File, Format Version 12.00
# Visual Studio Version 16
VisualStudioVersion = 16.0.31025.194
MinimumVisualStudioVersion = 10.0.40219.1
Project("{2150E333-8FDC-42A3-9474-1A3956D46DE8}") = "Creational", "Creational", "{EB363862-0F75-4076-BE9F-06A7BEBB8A4E}"
EndProject
Project("{2150E333-8FDC-42A3-9474-1A3956D46DE8}") = "Structural", "Structural", "{5692A7C2-8F0E-46D5-9F95-8545C1884A06}"
EndProject
Project("{2150E333-8FDC-42A3-9474-1A3956D46DE8}") = "Behavioral", "Behavioral", "{194FCC52-4D46-44EA-A992-81F2942C2958}"
EndProject
Project("{9A19103F-16F7-4668-BE54-9A1E7A4F7556}") = "AbstractFactory", "AbstractFactory\AbstractFactory.csproj", "{49F680FD-6EAA-4FBC-9873-B8EB0D8DA65E}"
EndProject
Project("{9A19103F-16F7-4668-BE54-9A1E7A4F7556}") = "Builder", "Builder\Builder.csproj", "{D2971274-365E-457D-85B7-D2E8F722575E}"
EndProject
Project("{9A19103F-16F7-4668-BE54-9A1E7A4F7556}") = "FactoryMethod", "FactoryMethod\FactoryMethod.csproj", "{8DAEB34F-95AD-4601-BCE7-77C76E41FE85}"
EndProject
Project("{9A19103F-16F7-4668-BE54-9A1E7A4F7556}") = "Prototype", "Prototype\Prototype.csproj", "{EBE328D4-2D37-4D74-B1C8-07C08A5B8572}"
EndProject
Project("{9A19103F-16F7-4668-BE54-9A1E7A4F7556}") = "Singleton", "Singleton\Singleton.csproj", "{8CC522A4-65FE-4CEA-96D6-F9989230B757}"
EndProject
Project("{9A19103F-16F7-4668-BE54-9A1E7A4F7556}") = "Adapter", "Adapter\Adapter.csproj", "{712591EF-8D8D-4EA0-9F2B-89A2F2E00830}"
EndProject
Project("{9A19103F-16F7-4668-BE54-9A1E7A4F7556}") = "Bridge", "Bridge\Bridge.csproj", "{0F0D327F-78E9-4A8F-96D7-5BD9B39469F0}"
EndProject
Project("{9A19103F-16F7-4668-BE54-9A1E7A4F7556}") = "Composite", "Composite\Composite.csproj", "{B6E08EB8-C368-42DC-AE9A-908D905C3C10}"
EndProject
Project("{9A19103F-16F7-4668-BE54-9A1E7A4F7556}") = "Decorator", "Decorator\Decorator.csproj", "{F5F6DEB2-E195-46E3-A523-2A7A13CDEC10}"
EndProject
Project("{9A19103F-16F7-4668-BE54-9A1E7A4F7556}") = "Facade", "Facade\Facade.csproj", "{48B58946-8FF1-422D-B1BC-805CB9C276B6}"
EndProject
Project("{9A19103F-16F7-4668-BE54-9A1E7A4F7556}") = "Flyweight", "Flyweight\Flyweight.csproj", "{CC68E384-FBB6-4E7B-B655-8F6F83C4CD04}"
EndProject
Project("{9A19103F-16F7-4668-BE54-9A1E7A4F7556}") = "Proxy", "Proxy\Proxy.csproj", "{84093122-B802-4443-8F42-1156C61CD4AB}"
EndProject
Project("{9A19103F-16F7-4668-BE54-9A1E7A4F7556}") = "ChainOfResponsibility", "ChainOfResponsibility\ChainOfResponsibility.csproj", "{B11C2B90-F1C4-4ABF-9978-666413EFB0C9}"
EndProject
Project("{9A19103F-16F7-4668-BE54-9A1E7A4F7556}") = "Command", "Command\Command.csproj", "{B2C8C193-2D6C-4359-BC29-5D532883B45B}"
EndProject
Project("{9A19103F-16F7-4668-BE54-9A1E7A4F7556}") = "Interpreter", "Interpreter\Interpreter.csproj", "{BE6F7E5D-7F79-43E3-B080-64F09FCBD730}"
EndProject
Project("{9A19103F-16F7-4668-BE54-9A1E7A4F7556}") = "Iterator", "Iterator\Iterator.csproj", "{6D0460B5-E7B7-4847-A7E6-EF8E5B1626F3}"
EndProject
Project("{FAE04EC0-301F-11D3-BF4B-00C04F79EFBC}") = "Mediator", "Mediator\Mediator.csproj", "{EB5FDA77-9284-45B4-990B-091D427703B9}"
EndProject
Project("{FAE04EC0-301F-11D3-BF4B-00C04F79EFBC}") = "Memento", "Memento\Memento.csproj", "{3D1AB4F1-3F96-44C1-8A70-88CE50139990}"
EndProject
Project("{FAE04EC0-301F-11D3-BF4B-00C04F79EFBC}") = "Observer", "Observer\Observer.csproj", "{1E02C119-E1D5-4BB9-B155-06EC5E71F507}"
EndProject
Project("{FAE04EC0-301F-11D3-BF4B-00C04F79EFBC}") = "State", "State\State.csproj", "{2F5487B8-3F43-444A-B91B-9CB98BE8D8CF}"
EndProject
Project("{FAE04EC0-301F-11D3-BF4B-00C04F79EFBC}") = "Strategy", "Strategy\Strategy.csproj", "{8492786A-ADE9-43F9-B73A-4D6DD1DC76F6}"
EndProject
Project("{FAE04EC0-301F-11D3-BF4B-00C04F79EFBC}") = "TemplateMethod", "TemplateMethod\TemplateMethod.csproj", "{F0FA0EE6-6C4F-4583-88B7-242C7549765B}"
EndProject
Project("{FAE04EC0-301F-11D3-BF4B-00C04F79EFBC}") = "Visitor", "Visitor\Visitor.csproj", "{89233329-BC3A-4094-989C-AF396BDBB5C1}"
EndProject
Global
	GlobalSection(SolutionConfigurationPlatforms) = preSolution
		Debug|Any CPU = Debug|Any CPU
		Release|Any CPU = Release|Any CPU
	EndGlobalSection
	GlobalSection(ProjectConfigurationPlatforms) = postSolution
		{49F680FD-6EAA-4FBC-9873-B8EB0D8DA65E}.Debug|Any CPU.ActiveCfg = Debug|Any CPU
		{49F680FD-6EAA-4FBC-9873-B8EB0D8DA65E}.Debug|Any CPU.Build.0 = Debug|Any CPU
		{49F680FD-6EAA-4FBC-9873-B8EB0D8DA65E}.Release|Any CPU.ActiveCfg = Release|Any CPU
		{49F680FD-6EAA-4FBC-9873-B8EB0D8DA65E}.Release|Any CPU.Build.0 = Release|Any CPU
		{D2971274-365E-457D-85B7-D2E8F722575E}.Debug|Any CPU.ActiveCfg = Debug|Any CPU
		{D2971274-365E-457D-85B7-D2E8F722575E}.Debug|Any CPU.Build.0 = Debug|Any CPU
		{D2971274-365E-457D-85B7-D2E8F722575E}.Release|Any CPU.ActiveCfg = Release|Any CPU
		{D2971274-365E-457D-85B7-D2E8F722575E}.Release|Any CPU.Build.0 = Release|Any CPU
		{8DAEB34F-95AD-4601-BCE7-77C76E41FE85}.Debug|Any CPU.ActiveCfg = Debug|Any CPU
		{8DAEB34F-95AD-4601-BCE7-77C76E41FE85}.Debug|Any CPU.Build.0 = Debug|Any CPU
		{8DAEB34F-95AD-4601-BCE7-77C76E41FE85}.Release|Any CPU.ActiveCfg = Release|Any CPU
		{8DAEB34F-95AD-4601-BCE7-77C76E41FE85}.Release|Any CPU.Build.0 = Release|Any CPU
		{EBE328D4-2D37-4D74-B1C8-07C08A5B8572}.Debug|Any CPU.ActiveCfg = Debug|Any CPU
		{EBE328D4-2D37-4D74-B1C8-07C08A5B8572}.Debug|Any CPU.Build.0 = Debug|Any CPU
		{EBE328D4-2D37-4D74-B1C8-07C08A5B8572}.Release|Any CPU.ActiveCfg = Release|Any CPU
		{EBE328D4-2D37-4D74-B1C8-07C08A5B8572}.Release|Any CPU.Build.0 = Release|Any CPU
		{8CC522A4-65FE-4CEA-96D6-F9989230B757}.Debug|Any CPU.ActiveCfg = Debug|Any CPU
		{8CC522A4-65FE-4CEA-96D6-F9989230B757}.Debug|Any CPU.Build.0 = Debug|Any CPU
		{8CC522A4-65FE-4CEA-96D6-F9989230B757}.Release|Any CPU.ActiveCfg = Release|Any CPU
		{8CC522A4-65FE-4CEA-96D6-F9989230B757}.Release|Any CPU.Build.0 = Release|Any CPU
		{712591EF-8D8D-4EA0-9F2B-89A2F2E00830}.Debug|Any CPU.ActiveCfg = Debug|Any CPU
		{712591EF-8D8D-4EA0-9F2B-89A2F2E00830}.Debug|Any CPU.Build.0 = Debug|Any CPU
		{712591EF-8D8D-4EA0-9F2B-89A2F2E00830}.Release|Any CPU.ActiveCfg = Release|Any CPU
		{712591EF-8D8D-4EA0-9F2B-89A2F2E00830}.Release|Any CPU.Build.0 = Release|Any CPU
		{0F0D327F-78E9-4A8F-96D7-5BD9B39469F0}.Debug|Any CPU.ActiveCfg = Debug|Any CPU
		{0F0D327F-78E9-4A8F-96D7-5BD9B39469F0}.Debug|Any CPU.Build.0 = Debug|Any CPU
		{0F0D327F-78E9-4A8F-96D7-5BD9B39469F0}.Release|Any CPU.ActiveCfg = Release|Any CPU
		{0F0D327F-78E9-4A8F-96D7-5BD9B39469F0}.Release|Any CPU.Build.0 = Release|Any CPU
		{B6E08EB8-C368-42DC-AE9A-908D905C3C10}.Debug|Any CPU.ActiveCfg = Debug|Any CPU
		{B6E08EB8-C368-42DC-AE9A-908D905C3C10}.Debug|Any CPU.Build.0 = Debug|Any CPU
		{B6E08EB8-C368-42DC-AE9A-908D905C3C10}.Release|Any CPU.ActiveCfg = Release|Any CPU
		{B6E08EB8-C368-42DC-AE9A-908D905C3C10}.Release|Any CPU.Build.0 = Release|Any CPU
		{F5F6DEB2-E195-46E3-A523-2A7A13CDEC10}.Debug|Any CPU.ActiveCfg = Debug|Any CPU
		{F5F6DEB2-E195-46E3-A523-2A7A13CDEC10}.Debug|Any CPU.Build.0 = Debug|Any CPU
		{F5F6DEB2-E195-46E3-A523-2A7A13CDEC10}.Release|Any CPU.ActiveCfg = Release|Any CPU
		{F5F6DEB2-E195-46E3-A523-2A7A13CDEC10}.Release|Any CPU.Build.0 = Release|Any CPU
		{48B58946-8FF1-422D-B1BC-805CB9C276B6}.Debug|Any CPU.ActiveCfg = Debug|Any CPU
		{48B58946-8FF1-422D-B1BC-805CB9C276B6}.Debug|Any CPU.Build.0 = Debug|Any CPU
		{48B58946-8FF1-422D-B1BC-805CB9C276B6}.Release|Any CPU.ActiveCfg = Release|Any CPU
		{48B58946-8FF1-422D-B1BC-805CB9C276B6}.Release|Any CPU.Build.0 = Release|Any CPU
		{CC68E384-FBB6-4E7B-B655-8F6F83C4CD04}.Debug|Any CPU.ActiveCfg = Debug|Any CPU
		{CC68E384-FBB6-4E7B-B655-8F6F83C4CD04}.Debug|Any CPU.Build.0 = Debug|Any CPU
		{CC68E384-FBB6-4E7B-B655-8F6F83C4CD04}.Release|Any CPU.ActiveCfg = Release|Any CPU
		{CC68E384-FBB6-4E7B-B655-8F6F83C4CD04}.Release|Any CPU.Build.0 = Release|Any CPU
		{84093122-B802-4443-8F42-1156C61CD4AB}.Debug|Any CPU.ActiveCfg = Debug|Any CPU
		{84093122-B802-4443-8F42-1156C61CD4AB}.Debug|Any CPU.Build.0 = Debug|Any CPU
		{84093122-B802-4443-8F42-1156C61CD4AB}.Release|Any CPU.ActiveCfg = Release|Any CPU
		{84093122-B802-4443-8F42-1156C61CD4AB}.Release|Any CPU.Build.0 = Release|Any CPU
		{B11C2B90-F1C4-4ABF-9978-666413EFB0C9}.Debug|Any CPU.ActiveCfg = Debug|Any CPU
		{B11C2B90-F1C4-4ABF-9978-666413EFB0C9}.Debug|Any CPU.Build.0 = Debug|Any CPU
		{B11C2B90-F1C4-4ABF-9978-666413EFB0C9}.Release|Any CPU.ActiveCfg = Release|Any CPU
		{B11C2B90-F1C4-4ABF-9978-666413EFB0C9}.Release|Any CPU.Build.0 = Release|Any CPU
		{B2C8C193-2D6C-4359-BC29-5D532883B45B}.Debug|Any CPU.ActiveCfg = Debug|Any CPU
		{B2C8C193-2D6C-4359-BC29-5D532883B45B}.Debug|Any CPU.Build.0 = Debug|Any CPU
		{B2C8C193-2D6C-4359-BC29-5D532883B45B}.Release|Any CPU.ActiveCfg = Release|Any CPU
		{B2C8C193-2D6C-4359-BC29-5D532883B45B}.Release|Any CPU.Build.0 = Release|Any CPU
		{BE6F7E5D-7F79-43E3-B080-64F09FCBD730}.Debug|Any CPU.ActiveCfg = Debug|Any CPU
		{BE6F7E5D-7F79-43E3-B080-64F09FCBD730}.Debug|Any CPU.Build.0 = Debug|Any CPU
		{BE6F7E5D-7F79-43E3-B080-64F09FCBD730}.Release|Any CPU.ActiveCfg = Release|Any CPU
		{BE6F7E5D-7F79-43E3-B080-64F09FCBD730}.Release|Any CPU.Build.0 = Release|Any CPU
		{6D0460B5-E7B7-4847-A7E6-EF8E5B1626F3}.Debug|Any CPU.ActiveCfg = Debug|Any CPU
		{6D0460B5-E7B7-4847-A7E6-EF8E5B1626F3}.Debug|Any CPU.Build.0 = Debug|Any CPU
		{6D0460B5-E7B7-4847-A7E6-EF8E5B1626F3}.Release|Any CPU.ActiveCfg = Release|Any CPU
		{6D0460B5-E7B7-4847-A7E6-EF8E5B1626F3}.Release|Any CPU.Build.0 = Release|Any CPU
		{EB5FDA77-9284-45B4-990B-091D427703B9}.Debug|Any CPU.ActiveCfg = Debug|Any CPU
		{EB5FDA77-9284-45B4-990B-091D427703B9}.Debug|Any CPU.Build.0 = Debug|Any CPU
		{EB5FDA77-9284-45B4-990B-091D427703B9}.Release|Any CPU.ActiveCfg = Release|Any CPU
		{EB5FDA77-9284-45B4-990B-091D427703B9}.Release|Any CPU.Build.0 = Release|Any CPU
		{3D1AB4F1-3F96-44C1-8A70-88CE50139990}.Debug|Any CPU.ActiveCfg = Debug|Any CPU
		{3D1AB4F1-3F96-44C1-8A70-88CE50139990}.Debug|Any CPU.Build.0 = Debug|Any CPU
		{3D1AB4F1-3F96-44C1-8A70-88CE50139990}.Release|Any CPU.ActiveCfg = Release|Any CPU
		{3D1AB4F1-3F96-44C1-8A70-88CE50139990}.Release|Any CPU.Build.0 = Release|Any CPU
		{1E02C119-E1D5-4BB9-B155-06EC5E71F507}.Debug|Any CPU.ActiveCfg = Debug|Any CPU
		{1E02C119-E1D5-4BB9-B155-06EC5E71F507}.Debug|Any CPU.Build.0 = Debug|Any CPU
		{1E02C119-E1D5-4BB9-B155-06EC5E71F507}.Release|Any CPU.ActiveCfg = Release|Any CPU
		{1E02C119-E1D5-4BB9-B155-06EC5E71F507}.Release|Any CPU.Build.0 = Release|Any CPU
		{2F5487B8-3F43-444A-B91B-9CB98BE8D8CF}.Debug|Any CPU.ActiveCfg = Debug|Any CPU
		{2F5487B8-3F43-444A-B91B-9CB98BE8D8CF}.Debug|Any CPU.Build.0 = Debug|Any CPU
		{2F5487B8-3F43-444A-B91B-9CB98BE8D8CF}.Release|Any CPU.ActiveCfg = Release|Any CPU
		{2F5487B8-3F43-444A-B91B-9CB98BE8D8CF}.Release|Any CPU.Build.0 = Release|Any CPU
		{8492786A-ADE9-43F9-B73A-4D6DD1DC76F6}.Debug|Any CPU.ActiveCfg = Debug|Any CPU
		{8492786A-ADE9-43F9-B73A-4D6DD1DC76F6}.Debug|Any CPU.Build.0 = Debug|Any CPU
		{8492786A-ADE9-43F9-B73A-4D6DD1DC76F6}.Release|Any CPU.ActiveCfg = Release|Any CPU
		{8492786A-ADE9-43F9-B73A-4D6DD1DC76F6}.Release|Any CPU.Build.0 = Release|Any CPU
		{F0FA0EE6-6C4F-4583-88B7-242C7549765B}.Debug|Any CPU.ActiveCfg = Debug|Any CPU
		{F0FA0EE6-6C4F-4583-88B7-242C7549765B}.Debug|Any CPU.Build.0 = Debug|Any CPU
		{F0FA0EE6-6C4F-4583-88B7-242C7549765B}.Release|Any CPU.ActiveCfg = Release|Any CPU
		{F0FA0EE6-6C4F-4583-88B7-242C7549765B}.Release|Any CPU.Build.0 = Release|Any CPU
		{89233329-BC3A-4094-989C-AF396BDBB5C1}.Debug|Any CPU.ActiveCfg = Debug|Any CPU
		{89233329-BC3A-4094-989C-AF396BDBB5C1}.Debug|Any CPU.Build.0 = Debug|Any CPU
		{89233329-BC3A-4094-989C-AF396BDBB5C1}.Release|Any CPU.ActiveCfg = Release|Any CPU
		{89233329-BC3A-4094-989C-AF396BDBB5C1}.Release|Any CPU.Build.0 = Release|Any CPU
	EndGlobalSection
	GlobalSection(SolutionProperties) = preSolution
		HideSolutionNode = FALSE
	EndGlobalSection
	GlobalSection(NestedProjects) = preSolution
		{49F680FD-6EAA-4FBC-9873-B8EB0D8DA65E} = {EB363862-0F75-4076-BE9F-06A7BEBB8A4E}
		{D2971274-365E-457D-85B7-D2E8F722575E} = {EB363862-0F75-4076-BE9F-06A7BEBB8A4E}
		{8DAEB34F-95AD-4601-BCE7-77C76E41FE85} = {EB363862-0F75-4076-BE9F-06A7BEBB8A4E}
		{EBE328D4-2D37-4D74-B1C8-07C08A5B8572} = {EB363862-0F75-4076-BE9F-06A7BEBB8A4E}
		{8CC522A4-65FE-4CEA-96D6-F9989230B757} = {EB363862-0F75-4076-BE9F-06A7BEBB8A4E}
		{712591EF-8D8D-4EA0-9F2B-89A2F2E00830} = {5692A7C2-8F0E-46D5-9F95-8545C1884A06}
		{0F0D327F-78E9-4A8F-96D7-5BD9B39469F0} = {5692A7C2-8F0E-46D5-9F95-8545C1884A06}
		{B6E08EB8-C368-42DC-AE9A-908D905C3C10} = {5692A7C2-8F0E-46D5-9F95-8545C1884A06}
		{F5F6DEB2-E195-46E3-A523-2A7A13CDEC10} = {5692A7C2-8F0E-46D5-9F95-8545C1884A06}
		{48B58946-8FF1-422D-B1BC-805CB9C276B6} = {5692A7C2-8F0E-46D5-9F95-8545C1884A06}
		{CC68E384-FBB6-4E7B-B655-8F6F83C4CD04} = {5692A7C2-8F0E-46D5-9F95-8545C1884A06}
		{84093122-B802-4443-8F42-1156C61CD4AB} = {5692A7C2-8F0E-46D5-9F95-8545C1884A06}
		{B11C2B90-F1C4-4ABF-9978-666413EFB0C9} = {194FCC52-4D46-44EA-A992-81F2942C2958}
		{B2C8C193-2D6C-4359-BC29-5D532883B45B} = {194FCC52-4D46-44EA-A992-81F2942C2958}
		{BE6F7E5D-7F79-43E3-B080-64F09FCBD730} = {194FCC52-4D46-44EA-A992-81F2942C2958}
		{6D0460B5-E7B7-4847-A7E6-EF8E5B1626F3} = {194FCC52-4D46-44EA-A992-81F2942C2958}
		{EB5FDA77-9284-45B4-990B-091D427703B9} = {194FCC52-4D46-44EA-A992-81F2942C2958}
		{3D1AB4F1-3F96-44C1-8A70-88CE50139990} = {194FCC52-4D46-44EA-A992-81F2942C2958}
		{1E02C119-E1D5-4BB9-B155-06EC5E71F507} = {194FCC52-4D46-44EA-A992-81F2942C2958}
		{2F5487B8-3F43-444A-B91B-9CB98BE8D8CF} = {194FCC52-4D46-44EA-A992-81F2942C2958}
		{8492786A-ADE9-43F9-B73A-4D6DD1DC76F6} = {194FCC52-4D46-44EA-A992-81F2942C2958}
		{F0FA0EE6-6C4F-4583-88B7-242C7549765B} = {194FCC52-4D46-44EA-A992-81F2942C2958}
		{89233329-BC3A-4094-989C-AF396BDBB5C1} = {194FCC52-4D46-44EA-A992-81F2942C2958}
	EndGlobalSection
	GlobalSection(ExtensibilityGlobals) = postSolution
		SolutionGuid = {28843E13-F21A-40E7-9402-188B73765B1C}
	EndGlobalSection
EndGlobal
